
Microsoft Visual Studio Solution File, Format Version 12.00
# Visual Studio Version 16
VisualStudioVersion = 16.0.29806.167
MinimumVisualStudioVersion = 10.0.40219.1
Project("{8BC9CEB8-8B4A-11D0-8D11-00A0C91BC942}") = "HART", "HART\HART.vcxproj", "{F2D03290-5125-4257-886C-4E4FE8285193}"
EndProject
Global
	GlobalSection(SolutionConfigurationPlatforms) = preSolution
		Debug|x64 = Debug|x64
		Debug|x86 = Debug|x86
		Release|x64 = Release|x64
		Release|x86 = Release|x86
	EndGlobalSection
	GlobalSection(ProjectConfigurationPlatforms) = postSolution
		{F2D03290-5125-4257-886C-4E4FE8285193}.Debug|x64.ActiveCfg = Debug|x64
		{F2D03290-5125-4257-886C-4E4FE8285193}.Debug|x64.Build.0 = Debug|x64
		{F2D03290-5125-4257-886C-4E4FE8285193}.Debug|x86.ActiveCfg = Debug|Win32
		{F2D03290-5125-4257-886C-4E4FE8285193}.Debug|x86.Build.0 = Debug|Win32
		{F2D03290-5125-4257-886C-4E4FE8285193}.Release|x64.ActiveCfg = Release|x64
		{F2D03290-5125-4257-886C-4E4FE8285193}.Release|x64.Build.0 = Release|x64
		{F2D03290-5125-4257-886C-4E4FE8285193}.Release|x86.ActiveCfg = Release|Win32
		{F2D03290-5125-4257-886C-4E4FE8285193}.Release|x86.Build.0 = Release|Win32
	EndGlobalSection
	GlobalSection(SolutionProperties) = preSolution
		HideSolutionNode = FALSE
	EndGlobalSection
	GlobalSection(ExtensibilityGlobals) = postSolution
		SolutionGuid = {51252F7E-BA55-4250-A9A8-2668ECC380D0}
	EndGlobalSection
EndGlobal
